// !$*UTF8*$!
{
	archiveVersion = 1;
	classes = {
	};
	objectVersion = 46;
	objects = {

/* Begin PBXBuildFile section */
		FB2CAECE1F76A07E0060D6DB /* AppDelegate.swift in Sources */ = {isa = PBXBuildFile; fileRef = FB2CAECD1F76A07E0060D6DB /* AppDelegate.swift */; };
		FB2CAED01F76A07E0060D6DB /* ViewController.swift in Sources */ = {isa = PBXBuildFile; fileRef = FB2CAECF1F76A07E0060D6DB /* ViewController.swift */; };
		FB2CAED31F76A07E0060D6DB /* Main.storyboard in Resources */ = {isa = PBXBuildFile; fileRef = FB2CAED11F76A07E0060D6DB /* Main.storyboard */; };
		FB2CAED61F76A07E0060D6DB /* Sunshine.xcdatamodeld in Sources */ = {isa = PBXBuildFile; fileRef = FB2CAED41F76A07E0060D6DB /* Sunshine.xcdatamodeld */; };
		FB2CAED81F76A07E0060D6DB /* Assets.xcassets in Resources */ = {isa = PBXBuildFile; fileRef = FB2CAED71F76A07E0060D6DB /* Assets.xcassets */; };
		FB2CAEDB1F76A07E0060D6DB /* LaunchScreen.storyboard in Resources */ = {isa = PBXBuildFile; fileRef = FB2CAED91F76A07E0060D6DB /* LaunchScreen.storyboard */; };
/* End PBXBuildFile section */

/* Begin PBXFileReference section */
		FB2CAECA1F76A07E0060D6DB /* Sunshine.app */ = {isa = PBXFileReference; explicitFileType = wrapper.application; includeInIndex = 0; path = Sunshine.app; sourceTree = BUILT_PRODUCTS_DIR; };
		FB2CAECD1F76A07E0060D6DB /* AppDelegate.swift */ = {isa = PBXFileReference; lastKnownFileType = sourcecode.swift; path = AppDelegate.swift; sourceTree = "<group>"; };
		FB2CAECF1F76A07E0060D6DB /* ViewController.swift */ = {isa = PBXFileReference; lastKnownFileType = sourcecode.swift; path = ViewController.swift; sourceTree = "<group>"; };
		FB2CAED21F76A07E0060D6DB /* Base */ = {isa = PBXFileReference; lastKnownFileType = file.storyboard; name = Base; path = Base.lproj/Main.storyboard; sourceTree = "<group>"; };
		FB2CAED51F76A07E0060D6DB /* Sunshine.xcdatamodel */ = {isa = PBXFileReference; lastKnownFileType = wrapper.xcdatamodel; path = Sunshine.xcdatamodel; sourceTree = "<group>"; };
		FB2CAED71F76A07E0060D6DB /* Assets.xcassets */ = {isa = PBXFileReference; lastKnownFileType = folder.assetcatalog; path = Assets.xcassets; sourceTree = "<group>"; };
		FB2CAEDA1F76A07E0060D6DB /* Base */ = {isa = PBXFileReference; lastKnownFileType = file.storyboard; name = Base; path = Base.lproj/LaunchScreen.storyboard; sourceTree = "<group>"; };
		FB2CAEDC1F76A07E0060D6DB /* Info.plist */ = {isa = PBXFileReference; lastKnownFileType = text.plist.xml; path = Info.plist; sourceTree = "<group>"; };
/* End PBXFileReference section */

/* Begin PBXFrameworksBuildPhase section */
		FB2CAEC71F76A07E0060D6DB /* Frameworks */ = {
			isa = PBXFrameworksBuildPhase;
			buildActionMask = 2147483647;
			files = (
			);
			runOnlyForDeploymentPostprocessing = 0;
		};
/* End PBXFrameworksBuildPhase section */

/* Begin PBXGroup section */
		FB2CAEC11F76A07E0060D6DB = {
			isa = PBXGroup;
			children = (
				FB2CAECC1F76A07E0060D6DB /* Sunshine */,
				FB2CAECB1F76A07E0060D6DB /* Products */,
			);
			sourceTree = "<group>";
		};
		FB2CAECB1F76A07E0060D6DB /* Products */ = {
			isa = PBXGroup;
			children = (
				FB2CAECA1F76A07E0060D6DB /* Sunshine.app */,
			);
			name = Products;
			sourceTree = "<group>";
		};
		FB2CAECC1F76A07E0060D6DB /* Sunshine */ = {
			isa = PBXGroup;
			children = (
				FB2CAECD1F76A07E0060D6DB /* AppDelegate.swift */,
				FB2CAECF1F76A07E0060D6DB /* ViewController.swift */,
				FB2CAED11F76A07E0060D6DB /* Main.storyboard */,
				FB2CAED71F76A07E0060D6DB /* Assets.xcassets */,
				FB2CAED91F76A07E0060D6DB /* LaunchScreen.storyboard */,
				FB2CAEDC1F76A07E0060D6DB /* Info.plist */,
				FB2CAED41F76A07E0060D6DB /* Sunshine.xcdatamodeld */,
			);
			path = Sunshine;
			sourceTree = "<group>";
		};
/* End PBXGroup section */

/* Begin PBXNativeTarget section */
		FB2CAEC91F76A07E0060D6DB /* Sunshine */ = {
			isa = PBXNativeTarget;
			buildConfigurationList = FB2CAEDF1F76A07E0060D6DB /* Build configuration list for PBXNativeTarget "Sunshine" */;
			buildPhases = (
				FB2CAEC61F76A07E0060D6DB /* Sources */,
				FB2CAEC71F76A07E0060D6DB /* Frameworks */,
				FB2CAEC81F76A07E0060D6DB /* Resources */,
			);
			buildRules = (
			);
			dependencies = (
			);
			name = Sunshine;
			productName = Sunshine;
			productReference = FB2CAECA1F76A07E0060D6DB /* Sunshine.app */;
			productType = "com.apple.product-type.application";
		};
/* End PBXNativeTarget section */

/* Begin PBXProject section */
		FB2CAEC21F76A07E0060D6DB /* Project object */ = {
			isa = PBXProject;
			attributes = {
				LastSwiftUpdateCheck = 0830;
				LastUpgradeCheck = 0830;
				ORGANIZATIONNAME = Alumno;
				TargetAttributes = {
					FB2CAEC91F76A07E0060D6DB = {
						CreatedOnToolsVersion = 8.3.3;
						ProvisioningStyle = Automatic;
					};
				};
			};
			buildConfigurationList = FB2CAEC51F76A07E0060D6DB /* Build configuration list for PBXProject "Sunshine" */;
			compatibilityVersion = "Xcode 3.2";
			developmentRegion = English;
			hasScannedForEncodings = 0;
			knownRegions = (
				en,
				Base,
			);
			mainGroup = FB2CAEC11F76A07E0060D6DB;
			productRefGroup = FB2CAECB1F76A07E0060D6DB /* Products */;
			projectDirPath = "";
			projectRoot = "";
			targets = (
				FB2CAEC91F76A07E0060D6DB /* Sunshine */,
			);
		};
/* End PBXProject section */

/* Begin PBXResourcesBuildPhase section */
		FB2CAEC81F76A07E0060D6DB /* Resources */ = {
			isa = PBXResourcesBuildPhase;
			buildActionMask = 2147483647;
			files = (
				FB2CAEDB1F76A07E0060D6DB /* LaunchScreen.storyboard in Resources */,
				FB2CAED81F76A07E0060D6DB /* Assets.xcassets in Resources */,
				FB2CAED31F76A07E0060D6DB /* Main.storyboard in Resources */,
			);
			runOnlyForDeploymentPostprocessing = 0;
		};
/* End PBXResourcesBuildPhase section */

/* Begin PBXSourcesBuildPhase section */
		FB2CAEC61F76A07E0060D6DB /* Sources */ = {
			isa = PBXSourcesBuildPhase;
			buildActionMask = 2147483647;
			files = (
				FB2CAED01F76A07E0060D6DB /* ViewController.swift in Sources */,
				FB2CAECE1F76A07E0060D6DB /* AppDelegate.swift in Sources */,
				FB2CAED61F76A07E0060D6DB /* Sunshine.xcdatamodeld in Sources */,
			);
			runOnlyForDeploymentPostprocessing = 0;
		};
/* End PBXSourcesBuildPhase section */

/* Begin PBXVariantGroup section */
		FB2CAED11F76A07E0060D6DB /* Main.storyboard */ = {
			isa = PBXVariantGroup;
			children = (
				FB2CAED21F76A07E0060D6DB /* Base */,
			);
			name = Main.storyboard;
			sourceTree = "<group>";
		};
		FB2CAED91F76A07E0060D6DB /* LaunchScreen.storyboard */ = {
			isa = PBXVariantGroup;
			children = (
				FB2CAEDA1F76A07E0060D6DB /* Base */,
			);
			name = LaunchScreen.storyboard;
			sourceTree = "<group>";
		};
/* End PBXVariantGroup section */

/* Begin XCBuildConfiguration section */
		FB2CAEDD1F76A07E0060D6DB /* Debug */ = {
			isa = XCBuildConfiguration;
			buildSettings = {
				ALWAYS_SEARCH_USER_PATHS = NO;
				CLANG_ANALYZER_NONNULL = YES;
				CLANG_ANALYZER_NUMBER_OBJECT_CONVERSION = YES_AGGRESSIVE;
				CLANG_CXX_LANGUAGE_STANDARD = "gnu++0x";
				CLANG_CXX_LIBRARY = "libc++";
				CLANG_ENABLE_MODULES = YES;
				CLANG_ENABLE_OBJC_ARC = YES;
				CLANG_WARN_BOOL_CONVERSION = YES;
				CLANG_WARN_CONSTANT_CONVERSION = YES;
				CLANG_WARN_DIRECT_OBJC_ISA_USAGE = YES_ERROR;
				CLANG_WARN_DOCUMENTATION_COMMENTS = YES;
				CLANG_WARN_EMPTY_BODY = YES;
				CLANG_WARN_ENUM_CONVERSION = YES;
				CLANG_WARN_INFINITE_RECURSION = YES;
				CLANG_WARN_INT_CONVERSION = YES;
				CLANG_WARN_OBJC_ROOT_CLASS = YES_ERROR;
				CLANG_WARN_SUSPICIOUS_MOVE = YES;
				CLANG_WARN_UNREACHABLE_CODE = YES;
				CLANG_WARN__DUPLICATE_METHOD_MATCH = YES;
				"CODE_SIGN_IDENTITY[sdk=iphoneos*]" = "iPhone Developer";
				COPY_PHASE_STRIP = NO;
				DEBUG_INFORMATION_FORMAT = dwarf;
				ENABLE_STRICT_OBJC_MSGSEND = YES;
				ENABLE_TESTABILITY = YES;
				GCC_C_LANGUAGE_STANDARD = gnu99;
				GCC_DYNAMIC_NO_PIC = NO;
				GCC_NO_COMMON_BLOCKS = YES;
				GCC_OPTIMIZATION_LEVEL = 0;
				GCC_PREPROCESSOR_DEFINITIONS = (
					"DEBUG=1",
					"$(inherited)",
				);
				GCC_WARN_64_TO_32_BIT_CONVERSION = YES;
				GCC_WARN_ABOUT_RETURN_TYPE = YES_ERROR;
				GCC_WARN_UNDECLARED_SELECTOR = YES;
				GCC_WARN_UNINITIALIZED_AUTOS = YES_AGGRESSIVE;
				GCC_WARN_UNUSED_FUNCTION = YES;
				GCC_WARN_UNUSED_VARIABLE = YES;
				IPHONEOS_DEPLOYMENT_TARGET = 10.3;
				MTL_ENABLE_DEBUG_INFO = YES;
				ONLY_ACTIVE_ARCH = YES;
				SDKROOT = iphoneos;
				SWIFT_ACTIVE_COMPILATION_CONDITIONS = DEBUG;
				SWIFT_OPTIMIZATION_LEVEL = "-Onone";
			};
			name = Debug;
		};
		FB2CAEDE1F76A07E0060D6DB /* Release */ = {
			isa = XCBuildConfiguration;
			buildSettings = {
				ALWAYS_SEARCH_USER_PATHS = NO;
				CLANG_ANALYZER_NONNULL = YES;
				CLANG_ANALYZER_NUMBER_OBJECT_CONVERSION = YES_AGGRESSIVE;
				CLANG_CXX_LANGUAGE_STANDARD = "gnu++0x";
				CLANG_CXX_LIBRARY = "libc++";
				CLANG_ENABLE_MODULES = YES;
				CLANG_ENABLE_OBJC_ARC = YES;
				CLANG_WARN_BOOL_CONVERSION = YES;
				CLANG_WARN_CONSTANT_CONVERSION = YES;
				CLANG_WARN_DIRECT_OBJC_ISA_USAGE = YES_ERROR;
				CLANG_WARN_DOCUMENTATION_COMMENTS = YES;
				CLANG_WARN_EMPTY_BODY = YES;
				CLANG_WARN_ENUM_CONVERSION = YES;
				CLANG_WARN_INFINITE_RECURSION = YES;
				CLANG_WARN_INT_CONVERSION = YES;
				CLANG_WARN_OBJC_ROOT_CLASS = YES_ERROR;
				CLANG_WARN_SUSPICIOUS_MOVE = YES;
				CLANG_WARN_UNREACHABLE_CODE = YES;
				CLANG_WARN__DUPLICATE_METHOD_MATCH = YES;
				"CODE_SIGN_IDENTITY[sdk=iphoneos*]" = "iPhone Developer";
				COPY_PHASE_STRIP = NO;
				DEBUG_INFORMATION_FORMAT = "dwarf-with-dsym";
				ENABLE_NS_ASSERTIONS = NO;
				ENABLE_STRICT_OBJC_MSGSEND = YES;
				GCC_C_LANGUAGE_STANDARD = gnu99;
				GCC_NO_COMMON_BLOCKS = YES;
				GCC_WARN_64_TO_32_BIT_CONVERSION = YES;
				GCC_WARN_ABOUT_RETURN_TYPE = YES_ERROR;
				GCC_WARN_UNDECLARED_SELECTOR = YES;
				GCC_WARN_UNINITIALIZED_AUTOS = YES_AGGRESSIVE;
				GCC_WARN_UNUSED_FUNCTION = YES;
				GCC_WARN_UNUSED_VARIABLE = YES;
				IPHONEOS_DEPLOYMENT_TARGET = 10.3;
				MTL_ENABLE_DEBUG_INFO = NO;
				SDKROOT = iphoneos;
				SWIFT_OPTIMIZATION_LEVEL = "-Owholemodule";
				VALIDATE_PRODUCT = YES;
			};
			name = Release;
		};
		FB2CAEE01F76A07E0060D6DB /* Debug */ = {
			isa = XCBuildConfiguration;
			buildSettings = {
				ASSETCATALOG_COMPILER_APPICON_NAME = AppIcon;
				INFOPLIST_FILE = Sunshine/Info.plist;
				LD_RUNPATH_SEARCH_PATHS = "$(inherited) @executable_path/Frameworks";
				PRODUCT_BUNDLE_IDENTIFIER = com.isil.Sunshine;
				PRODUCT_NAME = "$(TARGET_NAME)";
				SWIFT_VERSION = 3.0;
			};
			name = Debug;
		};
		FB2CAEE11F76A07E0060D6DB /* Release */ = {
			isa = XCBuildConfiguration;
			buildSettings = {
				ASSETCATALOG_COMPILER_APPICON_NAME = AppIcon;
				INFOPLIST_FILE = Sunshine/Info.plist;
				LD_RUNPATH_SEARCH_PATHS = "$(inherited) @executable_path/Frameworks";
				PRODUCT_BUNDLE_IDENTIFIER = com.isil.Sunshine;
				PRODUCT_NAME = "$(TARGET_NAME)";
				SWIFT_VERSION = 3.0;
			};
			name = Release;
		};
/* End XCBuildConfiguration section */

/* Begin XCConfigurationList section */
		FB2CAEC51F76A07E0060D6DB /* Build configuration list for PBXProject "Sunshine" */ = {
			isa = XCConfigurationList;
			buildConfigurations = (
				FB2CAEDD1F76A07E0060D6DB /* Debug */,
				FB2CAEDE1F76A07E0060D6DB /* Release */,
			);
			defaultConfigurationIsVisible = 0;
			defaultConfigurationName = Release;
		};
		FB2CAEDF1F76A07E0060D6DB /* Build configuration list for PBXNativeTarget "Sunshine" */ = {
			isa = XCConfigurationList;
			buildConfigurations = (
				FB2CAEE01F76A07E0060D6DB /* Debug */,
				FB2CAEE11F76A07E0060D6DB /* Release */,
			);
			defaultConfigurationIsVisible = 0;
		};
/* End XCConfigurationList section */

/* Begin XCVersionGroup section */
		FB2CAED41F76A07E0060D6DB /* Sunshine.xcdatamodeld */ = {
			isa = XCVersionGroup;
			children = (
				FB2CAED51F76A07E0060D6DB /* Sunshine.xcdatamodel */,
			);
			currentVersion = FB2CAED51F76A07E0060D6DB /* Sunshine.xcdatamodel */;
			path = Sunshine.xcdatamodeld;
			sourceTree = "<group>";
			versionGroupType = wrapper.xcdatamodel;
		};
/* End XCVersionGroup section */
	};
	rootObject = FB2CAEC21F76A07E0060D6DB /* Project object */;
}
